{
  "name": "ax-tooljs",
  "version": "1.0.1",
  "lockfileVersion": 1,
  "requires": true,
  "dependencies": {
    "ax-tooljs": {
      "version": "1.0.1",
      "resolved": "https://registry.npmjs.org/ax-tooljs/-/ax-tooljs-1.0.1.tgz",
      "integrity": "sha512-vEH86kKLvgPbsNqT+bWg9Xelpi9XaHcICdCYXErQHam9KmGxLVOJQ5NzzzqLfM1LuQjqkg3wTvh9/lrWTq2QUA==",
      "requires": {
        "ax-tooljs": "1.0.1"
      }
    }
  }
}
